
Microsoft Visual Studio Solution File, Format Version 12.00
# Visual Studio Version 17
VisualStudioVersion = 17.13.35931.197 d17.13
MinimumVisualStudioVersion = 10.0.40219.1
Project("{FAE04EC0-301F-11D3-BF4B-00C04F79EFBC}") = "WebCriptomonedas", "WebCriptomonedas.csproj", "{82DB04A9-7333-4142-B009-B19F01F98ECD}"
EndProject
Global
	GlobalSection(SolutionConfigurationPlatforms) = preSolution
		Debug|Any CPU = Debug|Any CPU
		Release|Any CPU = Release|Any CPU
	EndGlobalSection
	GlobalSection(ProjectConfigurationPlatforms) = postSolution
		{82DB04A9-7333-4142-B009-B19F01F98ECD}.Debug|Any CPU.ActiveCfg = Debug|Any CPU
		{82DB04A9-7333-4142-B009-B19F01F98ECD}.Debug|Any CPU.Build.0 = Debug|Any CPU
		{82DB04A9-7333-4142-B009-B19F01F98ECD}.Release|Any CPU.ActiveCfg = Release|Any CPU
		{82DB04A9-7333-4142-B009-B19F01F98ECD}.Release|Any CPU.Build.0 = Release|Any CPU
	EndGlobalSection
	GlobalSection(SolutionProperties) = preSolution
		HideSolutionNode = FALSE
	EndGlobalSection
	GlobalSection(ExtensibilityGlobals) = postSolution
		SolutionGuid = {4BF0ACCB-C487-411F-A2DD-3F0A4223E550}
	EndGlobalSection
EndGlobal
